interactions:
- request:
    body: null
    headers:
      Connection: [keep-alive]
      Content-Length: ['0']
      User-Agent: [Azure-Storage/0.35.1 (Python CPython 3.6.1; Darwin 16.6.0)]
      x-ms-blob-type: [AppendBlob]
      x-ms-client-request-id: [bff8211c-68f4-11e7-9acd-b8e8564491f6]
      x-ms-date: ['Sat, 15 Jul 2017 00:30:06 GMT']
      x-ms-version: ['2017-04-17']
    method: PUT
    uri: https://storagename.blob.core.windows.net/utcontainerf23c0dc5/blobf23c0dc5
  response:
    body: {string: ''}
    headers:
      Date: ['Sat, 15 Jul 2017 00:30:14 GMT']
      ETag: ['"0x8D4CB18A4C3A01F"']
      Last-Modified: ['Sat, 15 Jul 2017 00:30:07 GMT']
      Server: [Windows-Azure-Blob/1.0 Microsoft-HTTPAPI/2.0]
      Transfer-Encoding: [chunked]
      x-ms-request-id: [99de88f0-0001-0007-0901-fda251000000]
      x-ms-request-server-encrypted: ['true']
      x-ms-version: ['2017-04-17']
    status: {code: 201, message: Created}
- request:
    body: block 0
    headers:
      Connection: [keep-alive]
      Content-Length: ['7']
      User-Agent: [Azure-Storage/0.35.1 (Python CPython 3.6.1; Darwin 16.6.0)]
      x-ms-client-request-id: [c4ae3d5e-68f4-11e7-8363-b8e8564491f6]
      x-ms-date: ['Sat, 15 Jul 2017 00:30:13 GMT']
      x-ms-version: ['2017-04-17']
    method: PUT
    uri: https://storagename.blob.core.windows.net/utcontainerf23c0dc5/blobf23c0dc5?comp=appendblock
  response:
    body: {string: ''}
    headers:
      Content-MD5: [TjjhPkKeLS6Els52i6m9Bg==]
      Date: ['Sat, 15 Jul 2017 00:30:14 GMT']
      ETag: ['"0x8D4CB18A969E8C6"']
      Last-Modified: ['Sat, 15 Jul 2017 00:30:14 GMT']
      Server: [Windows-Azure-Blob/1.0 Microsoft-HTTPAPI/2.0]
      Transfer-Encoding: [chunked]
      x-ms-blob-append-offset: ['0']
      x-ms-blob-committed-block-count: ['1']
      x-ms-request-id: [99de9276-0001-0007-6801-fda251000000]
      x-ms-request-server-encrypted: ['true']
      x-ms-version: ['2017-04-17']
    status: {code: 201, message: Created}
- request:
    body: block 1
    headers:
      Connection: [keep-alive]
      Content-Length: ['7']
      User-Agent: [Azure-Storage/0.35.1 (Python CPython 3.6.1; Darwin 16.6.0)]
      x-ms-client-request-id: [c4b67534-68f4-11e7-92f5-b8e8564491f6]
      x-ms-date: ['Sat, 15 Jul 2017 00:30:13 GMT']
      x-ms-version: ['2017-04-17']
    method: PUT
    uri: https://storagename.blob.core.windows.net/utcontainerf23c0dc5/blobf23c0dc5?comp=appendblock
  response:
    body: {string: ''}
    headers:
      Content-MD5: [ZOnmAD+J5F2p66g8NFSefA==]
      Date: ['Sat, 15 Jul 2017 00:30:15 GMT']
      ETag: ['"0x8D4CB18A975357E"']
      Last-Modified: ['Sat, 15 Jul 2017 00:30:14 GMT']
      Server: [Windows-Azure-Blob/1.0 Microsoft-HTTPAPI/2.0]
      Transfer-Encoding: [chunked]
      x-ms-blob-append-offset: ['7']
      x-ms-blob-committed-block-count: ['2']
      x-ms-request-id: [99de9294-0001-0007-0101-fda251000000]
      x-ms-request-server-encrypted: ['true']
      x-ms-version: ['2017-04-17']
    status: {code: 201, message: Created}
- request:
    body: block 2
    headers:
      Connection: [keep-alive]
      Content-Length: ['7']
      User-Agent: [Azure-Storage/0.35.1 (Python CPython 3.6.1; Darwin 16.6.0)]
      x-ms-client-request-id: [c4c08e64-68f4-11e7-8617-b8e8564491f6]
      x-ms-date: ['Sat, 15 Jul 2017 00:30:14 GMT']
      x-ms-version: ['2017-04-17']
    method: PUT
    uri: https://storagename.blob.core.windows.net/utcontainerf23c0dc5/blobf23c0dc5?comp=appendblock
  response:
    body: {string: ''}
    headers:
      Content-MD5: [giBgEwOK96+T6eqweyrlNg==]
      Date: ['Sat, 15 Jul 2017 00:30:15 GMT']
      ETag: ['"0x8D4CB18A987131D"']
      Last-Modified: ['Sat, 15 Jul 2017 00:30:14 GMT']
      Server: [Windows-Azure-Blob/1.0 Microsoft-HTTPAPI/2.0]
      Transfer-Encoding: [chunked]
      x-ms-blob-append-offset: ['14']
      x-ms-blob-committed-block-count: ['3']
      x-ms-request-id: [99de92a7-0001-0007-1401-fda251000000]
      x-ms-request-server-encrypted: ['true']
      x-ms-version: ['2017-04-17']
    status: {code: 201, message: Created}
- request:
    body: block 3
    headers:
      Connection: [keep-alive]
      Content-Length: ['7']
      User-Agent: [Azure-Storage/0.35.1 (Python CPython 3.6.1; Darwin 16.6.0)]
      x-ms-client-request-id: [c4d130ac-68f4-11e7-9532-b8e8564491f6]
      x-ms-date: ['Sat, 15 Jul 2017 00:30:14 GMT']
      x-ms-version: ['2017-04-17']
    method: PUT
    uri: https://storagename.blob.core.windows.net/utcontainerf23c0dc5/blobf23c0dc5?comp=appendblock
  response:
    body: {string: ''}
    headers:
      Content-MD5: [FDhv5/Vy34Z9KKvEnjH2lQ==]
      Date: ['Sat, 15 Jul 2017 00:30:15 GMT']
      ETag: ['"0x8D4CB18A98C6B4F"']
      Last-Modified: ['Sat, 15 Jul 2017 00:30:15 GMT']
      Server: [Windows-Azure-Blob/1.0 Microsoft-HTTPAPI/2.0]
      Transfer-Encoding: [chunked]
      x-ms-blob-append-offset: ['21']
      x-ms-blob-committed-block-count: ['4']
      x-ms-request-id: [99de92c8-0001-0007-2c01-fda251000000]
      x-ms-request-server-encrypted: ['true']
      x-ms-version: ['2017-04-17']
    status: {code: 201, message: Created}
- request:
    body: block 4
    headers:
      Connection: [keep-alive]
      Content-Length: ['7']
      User-Agent: [Azure-Storage/0.35.1 (Python CPython 3.6.1; Darwin 16.6.0)]
      x-ms-client-request-id: [c4d6d638-68f4-11e7-b58a-b8e8564491f6]
      x-ms-date: ['Sat, 15 Jul 2017 00:30:14 GMT']
      x-ms-version: ['2017-04-17']
    method: PUT
    uri: https://storagename.blob.core.windows.net/utcontainerf23c0dc5/blobf23c0dc5?comp=appendblock
  response:
    body: {string: ''}
    headers:
      Content-MD5: [jkC3Z8KTocewrRQF+tkxeA==]
      Date: ['Sat, 15 Jul 2017 00:30:15 GMT']
      ETag: ['"0x8D4CB18A991EAA5"']
      Last-Modified: ['Sat, 15 Jul 2017 00:30:15 GMT']
      Server: [Windows-Azure-Blob/1.0 Microsoft-HTTPAPI/2.0]
      Transfer-Encoding: [chunked]
      x-ms-blob-append-offset: ['28']
      x-ms-blob-committed-block-count: ['5']
      x-ms-request-id: [99de92d1-0001-0007-3401-fda251000000]
      x-ms-request-server-encrypted: ['true']
      x-ms-version: ['2017-04-17']
    status: {code: 201, message: Created}
- request:
    body: null
    headers:
      Connection: [keep-alive]
      User-Agent: [Azure-Storage/0.35.1 (Python CPython 3.6.1; Darwin 16.6.0)]
      x-ms-client-request-id: [c4dbeaec-68f4-11e7-be55-b8e8564491f6]
      x-ms-date: ['Sat, 15 Jul 2017 00:30:14 GMT']
      x-ms-range: [bytes=0-33554431]
      x-ms-version: ['2017-04-17']
    method: GET
    uri: https://storagename.blob.core.windows.net/utcontainerf23c0dc5/blobf23c0dc5
  response:
    body: {string: block 0block 1block 2block 3block 4}
    headers:
      Accept-Ranges: [bytes]
      Content-Length: ['35']
      Content-Range: [bytes 0-34/35]
      Content-Type: [application/octet-stream]
      Date: ['Sat, 15 Jul 2017 00:30:15 GMT']
      ETag: ['"0x8D4CB18A991EAA5"']
      Last-Modified: ['Sat, 15 Jul 2017 00:30:15 GMT']
      Server: [Windows-Azure-Blob/1.0 Microsoft-HTTPAPI/2.0]
      Vary: [Origin]
      x-ms-blob-committed-block-count: ['5']
      x-ms-blob-type: [AppendBlob]
      x-ms-lease-state: [available]
      x-ms-lease-status: [unlocked]
      x-ms-request-id: [99de92df-0001-0007-4001-fda251000000]
      x-ms-server-encrypted: ['true']
      x-ms-version: ['2017-04-17']
    status: {code: 206, message: Partial Content}
version: 1
