interactions:
- request:
    body: null
    headers:
      Connection: [keep-alive]
      Content-Length: ['0']
      User-Agent: [Azure-Storage/0.36.0 (Python CPython 2.7.10; Darwin 16.7.0)]
      x-ms-blob-type: [BlockBlob]
      x-ms-client-request-id: [e5d76f9e-981c-11e7-aaf1-b8e8564491f6]
      x-ms-date: ['Wed, 13 Sep 2017 00:45:54 GMT']
      x-ms-version: ['2017-04-17']
    method: PUT
    uri: https://storagename.blob.core.windows.net/utcontainerbdb10c39/blobbdb10c39
  response:
    body: {string: !!python/unicode ''}
    headers:
      content-md5: [1B2M2Y8AsgTpgAmY7PhCfg==]
      date: ['Wed, 13 Sep 2017 00:45:53 GMT']
      etag: ['"0x8D4FA40C9F762FB"']
      last-modified: ['Wed, 13 Sep 2017 00:45:53 GMT']
      server: [Windows-Azure-Blob/1.0 Microsoft-HTTPAPI/2.0]
      transfer-encoding: [chunked]
      x-ms-request-id: [66076c13-001e-0100-5e29-2c1281000000]
      x-ms-request-server-encrypted: ['true']
      x-ms-version: ['2017-04-17']
    status: {code: 201, message: Created}
- request:
    body: !!python/unicode 'block 0'
    headers:
      Connection: [keep-alive]
      Content-Length: ['7']
      User-Agent: [Azure-Storage/0.36.0 (Python CPython 2.7.10; Darwin 16.7.0)]
      x-ms-client-request-id: [e5eb7c47-981c-11e7-a222-b8e8564491f6]
      x-ms-date: ['Wed, 13 Sep 2017 00:45:54 GMT']
      x-ms-version: ['2017-04-17']
    method: PUT
    uri: https://storagename.blob.core.windows.net/utcontainerbdb10c39/blobbdb10c39?comp=block&blockid=MA%3D%3D
  response:
    body: {string: !!python/unicode ''}
    headers:
      content-md5: [TjjhPkKeLS6Els52i6m9Bg==]
      date: ['Wed, 13 Sep 2017 00:45:53 GMT']
      server: [Windows-Azure-Blob/1.0 Microsoft-HTTPAPI/2.0]
      transfer-encoding: [chunked]
      x-ms-request-id: [66076c2b-001e-0100-7229-2c1281000000]
      x-ms-request-server-encrypted: ['true']
      x-ms-version: ['2017-04-17']
    status: {code: 201, message: Created}
- request:
    body: !!python/unicode 'block 1'
    headers:
      Connection: [keep-alive]
      Content-Length: ['7']
      User-Agent: [Azure-Storage/0.36.0 (Python CPython 2.7.10; Darwin 16.7.0)]
      x-ms-client-request-id: [e5f17268-981c-11e7-9965-b8e8564491f6]
      x-ms-date: ['Wed, 13 Sep 2017 00:45:54 GMT']
      x-ms-version: ['2017-04-17']
    method: PUT
    uri: https://storagename.blob.core.windows.net/utcontainerbdb10c39/blobbdb10c39?comp=block&blockid=MQ%3D%3D
  response:
    body: {string: !!python/unicode ''}
    headers:
      content-md5: [ZOnmAD+J5F2p66g8NFSefA==]
      date: ['Wed, 13 Sep 2017 00:45:53 GMT']
      server: [Windows-Azure-Blob/1.0 Microsoft-HTTPAPI/2.0]
      transfer-encoding: [chunked]
      x-ms-request-id: [66076c42-001e-0100-0829-2c1281000000]
      x-ms-request-server-encrypted: ['true']
      x-ms-version: ['2017-04-17']
    status: {code: 201, message: Created}
- request:
    body: !!python/unicode 'block 2'
    headers:
      Connection: [keep-alive]
      Content-Length: ['7']
      User-Agent: [Azure-Storage/0.36.0 (Python CPython 2.7.10; Darwin 16.7.0)]
      x-ms-client-request-id: [e5f74dbd-981c-11e7-8f92-b8e8564491f6]
      x-ms-date: ['Wed, 13 Sep 2017 00:45:54 GMT']
      x-ms-version: ['2017-04-17']
    method: PUT
    uri: https://storagename.blob.core.windows.net/utcontainerbdb10c39/blobbdb10c39?comp=block&blockid=Mg%3D%3D
  response:
    body: {string: !!python/unicode ''}
    headers:
      content-md5: [giBgEwOK96+T6eqweyrlNg==]
      date: ['Wed, 13 Sep 2017 00:45:53 GMT']
      server: [Windows-Azure-Blob/1.0 Microsoft-HTTPAPI/2.0]
      transfer-encoding: [chunked]
      x-ms-request-id: [66076c4f-001e-0100-1429-2c1281000000]
      x-ms-request-server-encrypted: ['true']
      x-ms-version: ['2017-04-17']
    status: {code: 201, message: Created}
- request:
    body: !!python/unicode 'block 3'
    headers:
      Connection: [keep-alive]
      Content-Length: ['7']
      User-Agent: [Azure-Storage/0.36.0 (Python CPython 2.7.10; Darwin 16.7.0)]
      x-ms-client-request-id: [e5fd5861-981c-11e7-87ad-b8e8564491f6]
      x-ms-date: ['Wed, 13 Sep 2017 00:45:54 GMT']
      x-ms-version: ['2017-04-17']
    method: PUT
    uri: https://storagename.blob.core.windows.net/utcontainerbdb10c39/blobbdb10c39?comp=block&blockid=Mw%3D%3D
  response:
    body: {string: !!python/unicode ''}
    headers:
      content-md5: [FDhv5/Vy34Z9KKvEnjH2lQ==]
      date: ['Wed, 13 Sep 2017 00:45:53 GMT']
      server: [Windows-Azure-Blob/1.0 Microsoft-HTTPAPI/2.0]
      transfer-encoding: [chunked]
      x-ms-request-id: [66076c5d-001e-0100-2229-2c1281000000]
      x-ms-request-server-encrypted: ['true']
      x-ms-version: ['2017-04-17']
    status: {code: 201, message: Created}
- request:
    body: !!python/unicode 'block 4'
    headers:
      Connection: [keep-alive]
      Content-Length: ['7']
      User-Agent: [Azure-Storage/0.36.0 (Python CPython 2.7.10; Darwin 16.7.0)]
      x-ms-client-request-id: [e60301c2-981c-11e7-9f8a-b8e8564491f6]
      x-ms-date: ['Wed, 13 Sep 2017 00:45:54 GMT']
      x-ms-version: ['2017-04-17']
    method: PUT
    uri: https://storagename.blob.core.windows.net/utcontainerbdb10c39/blobbdb10c39?comp=block&blockid=NA%3D%3D
  response:
    body: {string: !!python/unicode ''}
    headers:
      content-md5: [jkC3Z8KTocewrRQF+tkxeA==]
      date: ['Wed, 13 Sep 2017 00:45:53 GMT']
      server: [Windows-Azure-Blob/1.0 Microsoft-HTTPAPI/2.0]
      transfer-encoding: [chunked]
      x-ms-request-id: [66076c71-001e-0100-3429-2c1281000000]
      x-ms-request-server-encrypted: ['true']
      x-ms-version: ['2017-04-17']
    status: {code: 201, message: Created}
version: 1
