interactions:
- request:
    body: null
    headers:
      Connection: [keep-alive]
      Content-Length: ['0']
      User-Agent: [Azure-Storage/0.32.0 (Python CPython 3.4.3; Windows 8)]
      x-ms-blob-type: [AppendBlob]
      x-ms-client-request-id: [32b0a824-116b-11e6-93f0-8851fb5f57fc]
      x-ms-date: ['Tue, 03 May 2016 20:11:19 GMT']
      x-ms-version: ['2015-07-08']
    method: PUT
    uri: https://storagename.blob.core.windows.net/utcontainerf23c0dc5/blobf23c0dc5
  response:
    body: {string: ''}
    headers:
      Date: ['Tue, 03 May 2016 20:11:19 GMT']
      ETag: ['"0x8D3738F16F49249"']
      Last-Modified: ['Tue, 03 May 2016 20:11:19 GMT']
      Server: [Windows-Azure-Blob/1.0 Microsoft-HTTPAPI/2.0]
      Transfer-Encoding: [chunked]
      x-ms-request-id: [b166cac8-0001-0030-2177-a5a520000000]
      x-ms-version: ['2015-07-08']
    status: {code: 201, message: Created}
- request:
    body: !!binary |
      YmxvY2sgMA==
    headers:
      Connection: [keep-alive]
      Content-Length: ['7']
      User-Agent: [Azure-Storage/0.32.0 (Python CPython 3.4.3; Windows 8)]
      x-ms-client-request-id: [32c51b24-116b-11e6-b7b1-8851fb5f57fc]
      x-ms-date: ['Tue, 03 May 2016 20:11:19 GMT']
      x-ms-version: ['2015-07-08']
    method: PUT
    uri: https://storagename.blob.core.windows.net/utcontainerf23c0dc5/blobf23c0dc5?comp=appendblock
  response:
    body: {string: ''}
    headers:
      Content-MD5: [TjjhPkKeLS6Els52i6m9Bg==]
      Date: ['Tue, 03 May 2016 20:11:19 GMT']
      ETag: ['"0x8D3738F16FA871D"']
      Last-Modified: ['Tue, 03 May 2016 20:11:19 GMT']
      Server: [Windows-Azure-Blob/1.0 Microsoft-HTTPAPI/2.0]
      Transfer-Encoding: [chunked]
      x-ms-blob-append-offset: ['0']
      x-ms-blob-committed-block-count: ['1']
      x-ms-request-id: [b166cad7-0001-0030-2e77-a5a520000000]
      x-ms-version: ['2015-07-08']
    status: {code: 201, message: Created}
- request:
    body: !!binary |
      YmxvY2sgMQ==
    headers:
      Connection: [keep-alive]
      Content-Length: ['7']
      User-Agent: [Azure-Storage/0.32.0 (Python CPython 3.4.3; Windows 8)]
      x-ms-client-request-id: [32cb39fa-116b-11e6-bf31-8851fb5f57fc]
      x-ms-date: ['Tue, 03 May 2016 20:11:19 GMT']
      x-ms-version: ['2015-07-08']
    method: PUT
    uri: https://storagename.blob.core.windows.net/utcontainerf23c0dc5/blobf23c0dc5?comp=appendblock
  response:
    body: {string: ''}
    headers:
      Content-MD5: [ZOnmAD+J5F2p66g8NFSefA==]
      Date: ['Tue, 03 May 2016 20:11:19 GMT']
      ETag: ['"0x8D3738F170054D1"']
      Last-Modified: ['Tue, 03 May 2016 20:11:19 GMT']
      Server: [Windows-Azure-Blob/1.0 Microsoft-HTTPAPI/2.0]
      Transfer-Encoding: [chunked]
      x-ms-blob-append-offset: ['7']
      x-ms-blob-committed-block-count: ['2']
      x-ms-request-id: [b166caea-0001-0030-3d77-a5a520000000]
      x-ms-version: ['2015-07-08']
    status: {code: 201, message: Created}
- request:
    body: !!binary |
      YmxvY2sgMg==
    headers:
      Connection: [keep-alive]
      Content-Length: ['7']
      User-Agent: [Azure-Storage/0.32.0 (Python CPython 3.4.3; Windows 8)]
      x-ms-client-request-id: [32d0e580-116b-11e6-8b62-8851fb5f57fc]
      x-ms-date: ['Tue, 03 May 2016 20:11:19 GMT']
      x-ms-version: ['2015-07-08']
    method: PUT
    uri: https://storagename.blob.core.windows.net/utcontainerf23c0dc5/blobf23c0dc5?comp=appendblock
  response:
    body: {string: ''}
    headers:
      Content-MD5: [giBgEwOK96+T6eqweyrlNg==]
      Date: ['Tue, 03 May 2016 20:11:19 GMT']
      ETag: ['"0x8D3738F1706228F"']
      Last-Modified: ['Tue, 03 May 2016 20:11:19 GMT']
      Server: [Windows-Azure-Blob/1.0 Microsoft-HTTPAPI/2.0]
      Transfer-Encoding: [chunked]
      x-ms-blob-append-offset: ['14']
      x-ms-blob-committed-block-count: ['3']
      x-ms-request-id: [b166caf0-0001-0030-4377-a5a520000000]
      x-ms-version: ['2015-07-08']
    status: {code: 201, message: Created}
- request:
    body: !!binary |
      YmxvY2sgMw==
    headers:
      Connection: [keep-alive]
      Content-Length: ['7']
      User-Agent: [Azure-Storage/0.32.0 (Python CPython 3.4.3; Windows 8)]
      x-ms-client-request-id: [32d6b4d8-116b-11e6-8d13-8851fb5f57fc]
      x-ms-date: ['Tue, 03 May 2016 20:11:19 GMT']
      x-ms-version: ['2015-07-08']
    method: PUT
    uri: https://storagename.blob.core.windows.net/utcontainerf23c0dc5/blobf23c0dc5?comp=appendblock
  response:
    body: {string: ''}
    headers:
      Content-MD5: [FDhv5/Vy34Z9KKvEnjH2lQ==]
      Date: ['Tue, 03 May 2016 20:11:19 GMT']
      ETag: ['"0x8D3738F170BC92A"']
      Last-Modified: ['Tue, 03 May 2016 20:11:19 GMT']
      Server: [Windows-Azure-Blob/1.0 Microsoft-HTTPAPI/2.0]
      Transfer-Encoding: [chunked]
      x-ms-blob-append-offset: ['21']
      x-ms-blob-committed-block-count: ['4']
      x-ms-request-id: [b166cb00-0001-0030-5077-a5a520000000]
      x-ms-version: ['2015-07-08']
    status: {code: 201, message: Created}
- request:
    body: !!binary |
      YmxvY2sgNA==
    headers:
      Connection: [keep-alive]
      Content-Length: ['7']
      User-Agent: [Azure-Storage/0.32.0 (Python CPython 3.4.3; Windows 8)]
      x-ms-client-request-id: [32dc6414-116b-11e6-b442-8851fb5f57fc]
      x-ms-date: ['Tue, 03 May 2016 20:11:19 GMT']
      x-ms-version: ['2015-07-08']
    method: PUT
    uri: https://storagename.blob.core.windows.net/utcontainerf23c0dc5/blobf23c0dc5?comp=appendblock
  response:
    body: {string: ''}
    headers:
      Content-MD5: [jkC3Z8KTocewrRQF+tkxeA==]
      Date: ['Tue, 03 May 2016 20:11:19 GMT']
      ETag: ['"0x8D3738F17116FCA"']
      Last-Modified: ['Tue, 03 May 2016 20:11:19 GMT']
      Server: [Windows-Azure-Blob/1.0 Microsoft-HTTPAPI/2.0]
      Transfer-Encoding: [chunked]
      x-ms-blob-append-offset: ['28']
      x-ms-blob-committed-block-count: ['5']
      x-ms-request-id: [b166cb12-0001-0030-5e77-a5a520000000]
      x-ms-version: ['2015-07-08']
    status: {code: 201, message: Created}
- request:
    body: null
    headers:
      Connection: [keep-alive]
      User-Agent: [Azure-Storage/0.32.0 (Python CPython 3.4.3; Windows 8)]
      x-ms-client-request-id: [32e1c3d2-116b-11e6-8c99-8851fb5f57fc]
      x-ms-date: ['Tue, 03 May 2016 20:11:19 GMT']
      x-ms-range: [bytes=0-33554431]
      x-ms-version: ['2015-07-08']
    method: GET
    uri: https://storagename.blob.core.windows.net/utcontainerf23c0dc5/blobf23c0dc5
  response:
    body: {string: block 0block 1block 2block 3block 4}
    headers:
      Accept-Ranges: [bytes]
      Content-Length: ['35']
      Content-Range: [bytes 0-34/35]
      Content-Type: [application/octet-stream]
      Date: ['Tue, 03 May 2016 20:11:19 GMT']
      ETag: ['"0x8D3738F17116FCA"']
      Last-Modified: ['Tue, 03 May 2016 20:11:19 GMT']
      Server: [Windows-Azure-Blob/1.0 Microsoft-HTTPAPI/2.0]
      x-ms-blob-committed-block-count: ['5']
      x-ms-blob-type: [AppendBlob]
      x-ms-lease-state: [available]
      x-ms-lease-status: [unlocked]
      x-ms-request-id: [b166cb20-0001-0030-6a77-a5a520000000]
      x-ms-version: ['2015-07-08']
      x-ms-write-protection: ['false']
    status: {code: 206, message: Partial Content}
version: 1
