interactions:
- request:
    body: !!binary |
      PD94bWwgdmVyc2lvbj0nMS4wJyBlbmNvZGluZz0ndXRmLTgnPz4KPEJsb2NrTGlzdCAvPg==
    headers:
      Accept-Encoding: [identity]
      Connection: [keep-alive]
      Content-Length: ['52']
      User-Agent: [Azure-Storage/0.31.0 (Python CPython 3.4.2; Windows 8)]
      x-ms-date: ['Thu, 07 Apr 2016 21:18:13 GMT']
      x-ms-version: ['2015-07-08']
    method: PUT
    uri: https://storagename.blob.core.windows.net/utcontainerbdb10c39/blobbdb10c39?comp=blocklist
  response:
    body: {string: ''}
    headers:
      Content-MD5: [NgbQHgw94OQ3P8fSkY5Pxg==]
      Date: ['Thu, 07 Apr 2016 21:18:11 GMT']
      ETag: ['"0x8D35F2A20DC5F4F"']
      Last-Modified: ['Thu, 07 Apr 2016 21:18:13 GMT']
      Server: [Windows-Azure-Blob/1.0 Microsoft-HTTPAPI/2.0]
      Transfer-Encoding: [chunked]
      x-ms-request-id: [c9bea552-0001-004a-7b12-91cf6d000000]
      x-ms-version: ['2015-07-08']
    status: {code: 201, message: Created}
- request:
    body: !!binary |
      YmxvY2sgMA==
    headers:
      Accept-Encoding: [identity]
      Connection: [keep-alive]
      Content-Length: ['7']
      User-Agent: [Azure-Storage/0.31.0 (Python CPython 3.4.2; Windows 8)]
      x-ms-date: ['Thu, 07 Apr 2016 21:18:13 GMT']
      x-ms-version: ['2015-07-08']
    method: PUT
    uri: https://storagename.blob.core.windows.net/utcontainerbdb10c39/blobbdb10c39?comp=block&blockid=MA%3D%3D
  response:
    body: {string: ''}
    headers:
      Content-MD5: [TjjhPkKeLS6Els52i6m9Bg==]
      Date: ['Thu, 07 Apr 2016 21:18:11 GMT']
      Server: [Windows-Azure-Blob/1.0 Microsoft-HTTPAPI/2.0]
      Transfer-Encoding: [chunked]
      x-ms-request-id: [c9bea56e-0001-004a-1412-91cf6d000000]
      x-ms-version: ['2015-07-08']
    status: {code: 201, message: Created}
- request:
    body: !!binary |
      YmxvY2sgMQ==
    headers:
      Accept-Encoding: [identity]
      Connection: [keep-alive]
      Content-Length: ['7']
      User-Agent: [Azure-Storage/0.31.0 (Python CPython 3.4.2; Windows 8)]
      x-ms-date: ['Thu, 07 Apr 2016 21:18:13 GMT']
      x-ms-version: ['2015-07-08']
    method: PUT
    uri: https://storagename.blob.core.windows.net/utcontainerbdb10c39/blobbdb10c39?comp=block&blockid=MQ%3D%3D
  response:
    body: {string: ''}
    headers:
      Content-MD5: [ZOnmAD+J5F2p66g8NFSefA==]
      Date: ['Thu, 07 Apr 2016 21:18:11 GMT']
      Server: [Windows-Azure-Blob/1.0 Microsoft-HTTPAPI/2.0]
      Transfer-Encoding: [chunked]
      x-ms-request-id: [c9bea581-0001-004a-2712-91cf6d000000]
      x-ms-version: ['2015-07-08']
    status: {code: 201, message: Created}
- request:
    body: !!binary |
      YmxvY2sgMg==
    headers:
      Accept-Encoding: [identity]
      Connection: [keep-alive]
      Content-Length: ['7']
      User-Agent: [Azure-Storage/0.31.0 (Python CPython 3.4.2; Windows 8)]
      x-ms-date: ['Thu, 07 Apr 2016 21:18:13 GMT']
      x-ms-version: ['2015-07-08']
    method: PUT
    uri: https://storagename.blob.core.windows.net/utcontainerbdb10c39/blobbdb10c39?comp=block&blockid=Mg%3D%3D
  response:
    body: {string: ''}
    headers:
      Content-MD5: [giBgEwOK96+T6eqweyrlNg==]
      Date: ['Thu, 07 Apr 2016 21:18:12 GMT']
      Server: [Windows-Azure-Blob/1.0 Microsoft-HTTPAPI/2.0]
      Transfer-Encoding: [chunked]
      x-ms-request-id: [c9bea5a1-0001-004a-4612-91cf6d000000]
      x-ms-version: ['2015-07-08']
    status: {code: 201, message: Created}
- request:
    body: !!binary |
      YmxvY2sgMw==
    headers:
      Accept-Encoding: [identity]
      Connection: [keep-alive]
      Content-Length: ['7']
      User-Agent: [Azure-Storage/0.31.0 (Python CPython 3.4.2; Windows 8)]
      x-ms-date: ['Thu, 07 Apr 2016 21:18:13 GMT']
      x-ms-version: ['2015-07-08']
    method: PUT
    uri: https://storagename.blob.core.windows.net/utcontainerbdb10c39/blobbdb10c39?comp=block&blockid=Mw%3D%3D
  response:
    body: {string: ''}
    headers:
      Content-MD5: [FDhv5/Vy34Z9KKvEnjH2lQ==]
      Date: ['Thu, 07 Apr 2016 21:18:12 GMT']
      Server: [Windows-Azure-Blob/1.0 Microsoft-HTTPAPI/2.0]
      Transfer-Encoding: [chunked]
      x-ms-request-id: [c9bea5bb-0001-004a-5e12-91cf6d000000]
      x-ms-version: ['2015-07-08']
    status: {code: 201, message: Created}
- request:
    body: !!binary |
      YmxvY2sgNA==
    headers:
      Accept-Encoding: [identity]
      Connection: [keep-alive]
      Content-Length: ['7']
      User-Agent: [Azure-Storage/0.31.0 (Python CPython 3.4.2; Windows 8)]
      x-ms-date: ['Thu, 07 Apr 2016 21:18:13 GMT']
      x-ms-version: ['2015-07-08']
    method: PUT
    uri: https://storagename.blob.core.windows.net/utcontainerbdb10c39/blobbdb10c39?comp=block&blockid=NA%3D%3D
  response:
    body: {string: ''}
    headers:
      Content-MD5: [jkC3Z8KTocewrRQF+tkxeA==]
      Date: ['Thu, 07 Apr 2016 21:18:12 GMT']
      Server: [Windows-Azure-Blob/1.0 Microsoft-HTTPAPI/2.0]
      Transfer-Encoding: [chunked]
      x-ms-request-id: [c9bea5e0-0001-004a-0212-91cf6d000000]
      x-ms-version: ['2015-07-08']
    status: {code: 201, message: Created}
version: 1
