interactions:
- request:
    body: null
    headers:
      Connection: [keep-alive]
      User-Agent: [Azure-Storage/1.1.0-1.1.0 (Python CPython 3.6.3; Darwin 17.3.0)]
      x-ms-client-request-id: [d38cb79e-0acb-11e8-8b13-b8e8564491f6]
      x-ms-date: ['Mon, 05 Feb 2018 23:25:17 GMT']
      x-ms-version: ['2017-07-29']
    method: GET
    uri: https://storagename.blob.core.windows.net/?comp=list&prefix=lock
  response:
    body: {string: "\uFEFF<?xml version=\"1.0\" encoding=\"utf-8\"?><EnumerationResults\
        \ ServiceEndpoint=\"https://storagename.blob.core.windows.net/\"><Prefix>lock</Prefix><Containers\
        \ /><NextMarker /></EnumerationResults>"}
    headers:
      Content-Type: [application/xml]
      Date: ['Mon, 05 Feb 2018 23:25:17 GMT']
      Server: [Windows-Azure-Blob/1.0 Microsoft-HTTPAPI/2.0]
      Transfer-Encoding: [chunked]
      Vary: [Origin]
      x-ms-request-id: [277e823e-001e-00f8-39d8-9e9fc9000000]
      x-ms-version: ['2017-07-29']
    status: {code: 200, message: OK}
- request:
    body: null
    headers:
      Connection: [keep-alive]
      User-Agent: [Azure-Storage/1.1.0-1.1.0 (Python CPython 3.6.3; Darwin 17.3.0)]
      x-ms-client-request-id: [d38cb79e-0acb-11e8-8b13-b8e8564491f6]
      x-ms-date: ['Mon, 05 Feb 2018 23:25:20 GMT']
      x-ms-version: ['2017-07-29']
    method: GET
    uri: https://storagename-secondary.blob.core.windows.net/?comp=list&prefix=lock
  response:
    body: {string: "\uFEFF<?xml version=\"1.0\" encoding=\"utf-8\"?><EnumerationResults\
        \ ServiceEndpoint=\"https://storagename-secondary.blob.core.windows.net/\"\
        ><Prefix>lock</Prefix><Containers /><NextMarker /></EnumerationResults>"}
    headers:
      Content-Type: [application/xml]
      Date: ['Mon, 05 Feb 2018 23:25:19 GMT']
      Server: [Windows-Azure-Blob/1.0 Microsoft-HTTPAPI/2.0]
      Transfer-Encoding: [chunked]
      Vary: [Origin]
      x-ms-request-id: [0f242302-001e-012b-2dd8-9e4b98000000]
      x-ms-version: ['2017-07-29']
    status: {code: 200, message: OK}
- request:
    body: null
    headers:
      Connection: [keep-alive]
      User-Agent: [Azure-Storage/1.1.0-1.1.0 (Python CPython 3.6.3; Darwin 17.3.0)]
      x-ms-client-request-id: [d57bbb88-0acb-11e8-949b-b8e8564491f6]
      x-ms-date: ['Mon, 05 Feb 2018 23:25:21 GMT']
      x-ms-version: ['2017-07-29']
    method: GET
    uri: https://storagename-secondary.blob.core.windows.net/?comp=list&prefix=lock
  response:
    body: {string: "\uFEFF<?xml version=\"1.0\" encoding=\"utf-8\"?><EnumerationResults\
        \ ServiceEndpoint=\"https://storagename-secondary.blob.core.windows.net/\"\
        ><Prefix>lock</Prefix><Containers /><NextMarker /></EnumerationResults>"}
    headers:
      Content-Type: [application/xml]
      Date: ['Mon, 05 Feb 2018 23:25:19 GMT']
      Server: [Windows-Azure-Blob/1.0 Microsoft-HTTPAPI/2.0]
      Transfer-Encoding: [chunked]
      Vary: [Origin]
      x-ms-request-id: [0f242307-001e-012b-31d8-9e4b98000000]
      x-ms-version: ['2017-07-29']
    status: {code: 200, message: OK}
version: 1
