interactions:
- request:
    body: !!binary |
      F8sD8pdPkr2wdBGxTP+n+51dv483bWNXMOY+XyCX8rcEN8y00cR54B0QlWarmmMGoZXN54IpTlnb
      0dicwo/1tEzOY7Uw56CT/s8ngt/KgrePn49B3S8PMwSf9vawuTERtPTIyrJ8B3bIpyC9nE49wVIz
      /WpY51kePB2BVuzwo1cSams6LdlRm8ThkVblKWbi
    headers:
      Connection: [keep-alive]
      Content-Length: ['144']
      User-Agent: [Azure-Storage/1.4.0-2.0.0 (Python CPython 3.7.0; Darwin 18.5.0)]
      x-ms-blob-type: [BlockBlob]
      x-ms-client-request-id: [795bdb68-71f3-11e9-b134-acde48001122]
      x-ms-date: ['Thu, 09 May 2019 00:43:33 GMT']
      x-ms-meta-encryptiondata: ['{"WrappedContentKey": {"KeyId": "key1", "EncryptedKey":
          "fm0mt1HNhO5O2a/iN4w5MCXklYdyxwDDKu9os6347HXtCJW/3lGNdw==", "Algorithm":
          "A256KW"}, "EncryptionAgent": {"Protocol": "1.0", "EncryptionAlgorithm":
          "AES_CBC_256"}, "ContentEncryptionIV": "oG4X7Zsqb0K8AMlX0PDPEA==", "KeyWrappingMetadata":
          {"EncryptionLibrary": "Python 1.4.0"}, "EncryptionMode": "FullBlob"}']
      x-ms-version: ['2018-11-09']
    method: PUT
    uri: https://storagename.blob.core.windows.net/utcontainer4ff319bc/encryption_block_blob4ff319bc
  response:
    body: {string: ''}
    headers:
      Content-Length: ['0']
      Content-MD5: [vBk3iHRkzMGBnZ/7rNJz0Q==]
      Date: ['Thu, 09 May 2019 00:43:33 GMT']
      ETag: ['"0x8D6D4175D9EC775"']
      Last-Modified: ['Thu, 09 May 2019 00:43:33 GMT']
      Server: [Windows-Azure-Blob/1.0 Microsoft-HTTPAPI/2.0]
      x-ms-request-id: [41b94ec6-601e-0053-1100-06d324000000]
      x-ms-request-server-encrypted: ['true']
      x-ms-version: ['2018-11-09']
    status: {code: 201, message: Created}
- request:
    body: null
    headers:
      Connection: [keep-alive]
      User-Agent: [Azure-Storage/1.4.0-2.0.0 (Python CPython 3.7.0; Darwin 18.5.0)]
      x-ms-client-request-id: [7970a908-71f3-11e9-b134-acde48001122]
      x-ms-date: ['Thu, 09 May 2019 00:43:33 GMT']
      x-ms-range: [bytes=32-63]
      x-ms-version: ['2018-11-09']
    method: GET
    uri: https://storagename.blob.core.windows.net/utcontainer4ff319bc/encryption_block_blob4ff319bc
  response:
    body:
      string: !!binary |
        BDfMtNHEeeAdEJVmq5pjBqGVzeeCKU5Z29HYnMKP9bQ=
    headers:
      Accept-Ranges: [bytes]
      Content-Length: ['32']
      Content-Range: [bytes 32-63/144]
      Content-Type: [application/octet-stream]
      Date: ['Thu, 09 May 2019 00:43:33 GMT']
      ETag: ['"0x8D6D4175D9EC775"']
      Last-Modified: ['Thu, 09 May 2019 00:43:33 GMT']
      Server: [Windows-Azure-Blob/1.0 Microsoft-HTTPAPI/2.0]
      Vary: [Origin]
      x-ms-blob-content-md5: [vBk3iHRkzMGBnZ/7rNJz0Q==]
      x-ms-blob-type: [BlockBlob]
      x-ms-creation-time: ['Thu, 09 May 2019 00:43:33 GMT']
      x-ms-lease-state: [available]
      x-ms-lease-status: [unlocked]
      x-ms-meta-encryptiondata: ['{"WrappedContentKey": {"KeyId": "key1", "EncryptedKey":
          "fm0mt1HNhO5O2a/iN4w5MCXklYdyxwDDKu9os6347HXtCJW/3lGNdw==", "Algorithm":
          "A256KW"}, "EncryptionAgent": {"Protocol": "1.0", "EncryptionAlgorithm":
          "AES_CBC_256"}, "ContentEncryptionIV": "oG4X7Zsqb0K8AMlX0PDPEA==", "KeyWrappingMetadata":
          {"EncryptionLibrary": "Python 1.4.0"}, "EncryptionMode": "FullBlob"}']
      x-ms-request-id: [41b94ee3-601e-0053-2a00-06d324000000]
      x-ms-server-encrypted: ['true']
      x-ms-tag-count: ['0']
      x-ms-version: ['2018-11-09']
    status: {code: 206, message: Partial Content}
version: 1
