interactions:
- request:
    body: null
    headers:
      Connection: [keep-alive]
      Content-Length: ['0']
      User-Agent: [Azure-Storage/1.3.0-1.3.0 (Python CPython 3.6.3; Darwin 17.6.0)]
      x-ms-blob-type: [AppendBlob]
      x-ms-client-request-id: [e10225d8-740d-11e8-a473-8cae4cee5322]
      x-ms-date: ['Tue, 19 Jun 2018 22:12:39 GMT']
      x-ms-version: ['2018-03-28']
    method: PUT
    uri: https://storagename.blob.core.windows.net/utcontainerf23c0dc5/blobf23c0dc5
  response:
    body: {string: ''}
    headers:
      Date: ['Tue, 19 Jun 2018 22:12:39 GMT']
      ETag: ['"0x8D5D631C56581C4"']
      Last-Modified: ['Tue, 19 Jun 2018 22:12:39 GMT']
      Server: [Windows-Azure-Blob/1.0 Microsoft-HTTPAPI/2.0]
      Transfer-Encoding: [chunked]
      x-ms-request-id: [6fe5ff14-201e-0001-461a-08cde7000000]
      x-ms-request-server-encrypted: ['true']
      x-ms-version: ['2018-03-28']
    status: {code: 201, message: Created}
- request:
    body: block 0
    headers:
      Connection: [keep-alive]
      Content-Length: ['7']
      User-Agent: [Azure-Storage/1.3.0-1.3.0 (Python CPython 3.6.3; Darwin 17.6.0)]
      x-ms-client-request-id: [e13a2128-740d-11e8-a7ed-8cae4cee5322]
      x-ms-date: ['Tue, 19 Jun 2018 22:12:39 GMT']
      x-ms-version: ['2018-03-28']
    method: PUT
    uri: https://storagename.blob.core.windows.net/utcontainerf23c0dc5/blobf23c0dc5?comp=appendblock
  response:
    body: {string: ''}
    headers:
      Date: ['Tue, 19 Jun 2018 22:12:39 GMT']
      ETag: ['"0x8D5D631C5753934"']
      Last-Modified: ['Tue, 19 Jun 2018 22:12:39 GMT']
      Server: [Windows-Azure-Blob/1.0 Microsoft-HTTPAPI/2.0]
      Transfer-Encoding: [chunked]
      x-ms-blob-append-offset: ['0']
      x-ms-blob-committed-block-count: ['1']
      x-ms-request-id: [6fe5ff17-201e-0001-471a-08cde7000000]
      x-ms-request-server-encrypted: ['true']
      x-ms-version: ['2018-03-28']
    status: {code: 201, message: Created}
- request:
    body: block 1
    headers:
      Connection: [keep-alive]
      Content-Length: ['7']
      User-Agent: [Azure-Storage/1.3.0-1.3.0 (Python CPython 3.6.3; Darwin 17.6.0)]
      x-ms-client-request-id: [e149969e-740d-11e8-bedf-8cae4cee5322]
      x-ms-date: ['Tue, 19 Jun 2018 22:12:39 GMT']
      x-ms-version: ['2018-03-28']
    method: PUT
    uri: https://storagename.blob.core.windows.net/utcontainerf23c0dc5/blobf23c0dc5?comp=appendblock
  response:
    body: {string: ''}
    headers:
      Date: ['Tue, 19 Jun 2018 22:12:39 GMT']
      ETag: ['"0x8D5D631C5842D80"']
      Last-Modified: ['Tue, 19 Jun 2018 22:12:39 GMT']
      Server: [Windows-Azure-Blob/1.0 Microsoft-HTTPAPI/2.0]
      Transfer-Encoding: [chunked]
      x-ms-blob-append-offset: ['7']
      x-ms-blob-committed-block-count: ['2']
      x-ms-request-id: [6fe5ff19-201e-0001-481a-08cde7000000]
      x-ms-request-server-encrypted: ['true']
      x-ms-version: ['2018-03-28']
    status: {code: 201, message: Created}
- request:
    body: block 2
    headers:
      Connection: [keep-alive]
      Content-Length: ['7']
      User-Agent: [Azure-Storage/1.3.0-1.3.0 (Python CPython 3.6.3; Darwin 17.6.0)]
      x-ms-client-request-id: [e1587cb0-740d-11e8-b9bb-8cae4cee5322]
      x-ms-date: ['Tue, 19 Jun 2018 22:12:39 GMT']
      x-ms-version: ['2018-03-28']
    method: PUT
    uri: https://storagename.blob.core.windows.net/utcontainerf23c0dc5/blobf23c0dc5?comp=appendblock
  response:
    body: {string: ''}
    headers:
      Date: ['Tue, 19 Jun 2018 22:12:39 GMT']
      ETag: ['"0x8D5D631C592FC1F"']
      Last-Modified: ['Tue, 19 Jun 2018 22:12:39 GMT']
      Server: [Windows-Azure-Blob/1.0 Microsoft-HTTPAPI/2.0]
      Transfer-Encoding: [chunked]
      x-ms-blob-append-offset: ['14']
      x-ms-blob-committed-block-count: ['3']
      x-ms-request-id: [6fe5ff1b-201e-0001-4a1a-08cde7000000]
      x-ms-request-server-encrypted: ['true']
      x-ms-version: ['2018-03-28']
    status: {code: 201, message: Created}
- request:
    body: block 3
    headers:
      Connection: [keep-alive]
      Content-Length: ['7']
      User-Agent: [Azure-Storage/1.3.0-1.3.0 (Python CPython 3.6.3; Darwin 17.6.0)]
      x-ms-client-request-id: [e1675b74-740d-11e8-bdac-8cae4cee5322]
      x-ms-date: ['Tue, 19 Jun 2018 22:12:39 GMT']
      x-ms-version: ['2018-03-28']
    method: PUT
    uri: https://storagename.blob.core.windows.net/utcontainerf23c0dc5/blobf23c0dc5?comp=appendblock
  response:
    body: {string: ''}
    headers:
      Date: ['Tue, 19 Jun 2018 22:12:39 GMT']
      ETag: ['"0x8D5D631C5A1C795"']
      Last-Modified: ['Tue, 19 Jun 2018 22:12:40 GMT']
      Server: [Windows-Azure-Blob/1.0 Microsoft-HTTPAPI/2.0]
      Transfer-Encoding: [chunked]
      x-ms-blob-append-offset: ['21']
      x-ms-blob-committed-block-count: ['4']
      x-ms-request-id: [6fe5ff1d-201e-0001-4c1a-08cde7000000]
      x-ms-request-server-encrypted: ['true']
      x-ms-version: ['2018-03-28']
    status: {code: 201, message: Created}
- request:
    body: block 4
    headers:
      Connection: [keep-alive]
      Content-Length: ['7']
      User-Agent: [Azure-Storage/1.3.0-1.3.0 (Python CPython 3.6.3; Darwin 17.6.0)]
      x-ms-client-request-id: [e1760d98-740d-11e8-881a-8cae4cee5322]
      x-ms-date: ['Tue, 19 Jun 2018 22:12:40 GMT']
      x-ms-version: ['2018-03-28']
    method: PUT
    uri: https://storagename.blob.core.windows.net/utcontainerf23c0dc5/blobf23c0dc5?comp=appendblock
  response:
    body: {string: ''}
    headers:
      Date: ['Tue, 19 Jun 2018 22:12:39 GMT']
      ETag: ['"0x8D5D631C5B09549"']
      Last-Modified: ['Tue, 19 Jun 2018 22:12:40 GMT']
      Server: [Windows-Azure-Blob/1.0 Microsoft-HTTPAPI/2.0]
      Transfer-Encoding: [chunked]
      x-ms-blob-append-offset: ['28']
      x-ms-blob-committed-block-count: ['5']
      x-ms-request-id: [6fe5ff1e-201e-0001-4d1a-08cde7000000]
      x-ms-request-server-encrypted: ['true']
      x-ms-version: ['2018-03-28']
    status: {code: 201, message: Created}
- request:
    body: null
    headers:
      Connection: [keep-alive]
      User-Agent: [Azure-Storage/1.3.0-1.3.0 (Python CPython 3.6.3; Darwin 17.6.0)]
      x-ms-client-request-id: [e184f8ee-740d-11e8-b347-8cae4cee5322]
      x-ms-date: ['Tue, 19 Jun 2018 22:12:40 GMT']
      x-ms-range: [bytes=0-33554431]
      x-ms-version: ['2018-03-28']
    method: GET
    uri: https://storagename.blob.core.windows.net/utcontainerf23c0dc5/blobf23c0dc5
  response:
    body: {string: block 0block 1block 2block 3block 4}
    headers:
      Accept-Ranges: [bytes]
      Content-Length: ['35']
      Content-Range: [bytes 0-34/35]
      Content-Type: [application/octet-stream]
      Date: ['Tue, 19 Jun 2018 22:12:39 GMT']
      ETag: ['"0x8D5D631C5B09549"']
      Last-Modified: ['Tue, 19 Jun 2018 22:12:40 GMT']
      Server: [Windows-Azure-Blob/1.0 Microsoft-HTTPAPI/2.0]
      x-ms-blob-committed-block-count: ['5']
      x-ms-blob-type: [AppendBlob]
      x-ms-creation-time: ['Tue, 19 Jun 2018 22:12:39 GMT']
      x-ms-lease-state: [available]
      x-ms-lease-status: [unlocked]
      x-ms-request-id: [6fe5ff1f-201e-0001-4e1a-08cde7000000]
      x-ms-server-encrypted: ['true']
      x-ms-version: ['2018-03-28']
    status: {code: 206, message: Partial Content}
- request:
    body: null
    headers:
      Connection: [keep-alive]
      Content-Length: ['0']
      User-Agent: [Azure-Storage/1.3.0-1.3.1 (Python CPython 3.6.4; Darwin 17.7.0)]
      x-ms-blob-type: [AppendBlob]
      x-ms-client-request-id: [f09f9db4-8947-11e8-abc1-720000665300]
      x-ms-date: ['Mon, 16 Jul 2018 22:31:10 GMT']
      x-ms-version: ['2018-03-28']
    method: PUT
    uri: https://storagename.blob.core.windows.net/utcontainerf23c0dc5/blobf23c0dc5
  response:
    body: {string: ''}
    headers:
      Date: ['Mon, 16 Jul 2018 22:31:10 GMT']
      ETag: ['"0x8D5EB6BD5039E0F"']
      Last-Modified: ['Mon, 16 Jul 2018 22:31:11 GMT']
      Server: [Windows-Azure-Blob/1.0 Microsoft-HTTPAPI/2.0]
      Transfer-Encoding: [chunked]
      x-ms-request-id: [92515fea-401e-0028-8054-1df393000000]
      x-ms-request-server-encrypted: ['true']
      x-ms-version: ['2018-03-28']
    status: {code: 201, message: Created}
- request:
    body: block 0
    headers:
      Connection: [keep-alive]
      Content-Length: ['7']
      User-Agent: [Azure-Storage/1.3.0-1.3.1 (Python CPython 3.6.4; Darwin 17.7.0)]
      x-ms-client-request-id: [f0d67526-8947-11e8-923d-720000665300]
      x-ms-date: ['Mon, 16 Jul 2018 22:31:11 GMT']
      x-ms-version: ['2018-03-28']
    method: PUT
    uri: https://storagename.blob.core.windows.net/utcontainerf23c0dc5/blobf23c0dc5?comp=appendblock
  response:
    body: {string: ''}
    headers:
      Content-MD5: [TjjhPkKeLS6Els52i6m9Bg==]
      Date: ['Mon, 16 Jul 2018 22:31:11 GMT']
      ETag: ['"0x8D5EB6BD5132E17"']
      Last-Modified: ['Mon, 16 Jul 2018 22:31:11 GMT']
      Server: [Windows-Azure-Blob/1.0 Microsoft-HTTPAPI/2.0]
      Transfer-Encoding: [chunked]
      x-ms-blob-append-offset: ['0']
      x-ms-blob-committed-block-count: ['1']
      x-ms-request-id: [92515feb-401e-0028-0154-1df393000000]
      x-ms-request-server-encrypted: ['true']
      x-ms-version: ['2018-03-28']
    status: {code: 201, message: Created}
- request:
    body: block 1
    headers:
      Connection: [keep-alive]
      Content-Length: ['7']
      User-Agent: [Azure-Storage/1.3.0-1.3.1 (Python CPython 3.6.4; Darwin 17.7.0)]
      x-ms-client-request-id: [f0e5f730-8947-11e8-a839-720000665300]
      x-ms-date: ['Mon, 16 Jul 2018 22:31:11 GMT']
      x-ms-version: ['2018-03-28']
    method: PUT
    uri: https://storagename.blob.core.windows.net/utcontainerf23c0dc5/blobf23c0dc5?comp=appendblock
  response:
    body: {string: ''}
    headers:
      Content-MD5: [ZOnmAD+J5F2p66g8NFSefA==]
      Date: ['Mon, 16 Jul 2018 22:31:11 GMT']
      ETag: ['"0x8D5EB6BD52223DD"']
      Last-Modified: ['Mon, 16 Jul 2018 22:31:11 GMT']
      Server: [Windows-Azure-Blob/1.0 Microsoft-HTTPAPI/2.0]
      Transfer-Encoding: [chunked]
      x-ms-blob-append-offset: ['7']
      x-ms-blob-committed-block-count: ['2']
      x-ms-request-id: [92515fed-401e-0028-0254-1df393000000]
      x-ms-request-server-encrypted: ['true']
      x-ms-version: ['2018-03-28']
    status: {code: 201, message: Created}
- request:
    body: block 2
    headers:
      Connection: [keep-alive]
      Content-Length: ['7']
      User-Agent: [Azure-Storage/1.3.0-1.3.1 (Python CPython 3.6.4; Darwin 17.7.0)]
      x-ms-client-request-id: [f0f4d6e2-8947-11e8-8a40-720000665300]
      x-ms-date: ['Mon, 16 Jul 2018 22:31:11 GMT']
      x-ms-version: ['2018-03-28']
    method: PUT
    uri: https://storagename.blob.core.windows.net/utcontainerf23c0dc5/blobf23c0dc5?comp=appendblock
  response:
    body: {string: ''}
    headers:
      Content-MD5: [giBgEwOK96+T6eqweyrlNg==]
      Date: ['Mon, 16 Jul 2018 22:31:11 GMT']
      ETag: ['"0x8D5EB6BD530F0E0"']
      Last-Modified: ['Mon, 16 Jul 2018 22:31:11 GMT']
      Server: [Windows-Azure-Blob/1.0 Microsoft-HTTPAPI/2.0]
      Transfer-Encoding: [chunked]
      x-ms-blob-append-offset: ['14']
      x-ms-blob-committed-block-count: ['3']
      x-ms-request-id: [92515fee-401e-0028-0354-1df393000000]
      x-ms-request-server-encrypted: ['true']
      x-ms-version: ['2018-03-28']
    status: {code: 201, message: Created}
- request:
    body: block 3
    headers:
      Connection: [keep-alive]
      Content-Length: ['7']
      User-Agent: [Azure-Storage/1.3.0-1.3.1 (Python CPython 3.6.4; Darwin 17.7.0)]
      x-ms-client-request-id: [f1036a9a-8947-11e8-a80a-720000665300]
      x-ms-date: ['Mon, 16 Jul 2018 22:31:11 GMT']
      x-ms-version: ['2018-03-28']
    method: PUT
    uri: https://storagename.blob.core.windows.net/utcontainerf23c0dc5/blobf23c0dc5?comp=appendblock
  response:
    body: {string: ''}
    headers:
      Content-MD5: [FDhv5/Vy34Z9KKvEnjH2lQ==]
      Date: ['Mon, 16 Jul 2018 22:31:11 GMT']
      ETag: ['"0x8D5EB6BD53F973B"']
      Last-Modified: ['Mon, 16 Jul 2018 22:31:11 GMT']
      Server: [Windows-Azure-Blob/1.0 Microsoft-HTTPAPI/2.0]
      Transfer-Encoding: [chunked]
      x-ms-blob-append-offset: ['21']
      x-ms-blob-committed-block-count: ['4']
      x-ms-request-id: [92515fef-401e-0028-0454-1df393000000]
      x-ms-request-server-encrypted: ['true']
      x-ms-version: ['2018-03-28']
    status: {code: 201, message: Created}
- request:
    body: block 4
    headers:
      Connection: [keep-alive]
      Content-Length: ['7']
      User-Agent: [Azure-Storage/1.3.0-1.3.1 (Python CPython 3.6.4; Darwin 17.7.0)]
      x-ms-client-request-id: [f11336f0-8947-11e8-87bb-720000665300]
      x-ms-date: ['Mon, 16 Jul 2018 22:31:11 GMT']
      x-ms-version: ['2018-03-28']
    method: PUT
    uri: https://storagename.blob.core.windows.net/utcontainerf23c0dc5/blobf23c0dc5?comp=appendblock
  response:
    body: {string: ''}
    headers:
      Content-MD5: [jkC3Z8KTocewrRQF+tkxeA==]
      Date: ['Mon, 16 Jul 2018 22:31:11 GMT']
      ETag: ['"0x8D5EB6BD54F7550"']
      Last-Modified: ['Mon, 16 Jul 2018 22:31:11 GMT']
      Server: [Windows-Azure-Blob/1.0 Microsoft-HTTPAPI/2.0]
      Transfer-Encoding: [chunked]
      x-ms-blob-append-offset: ['28']
      x-ms-blob-committed-block-count: ['5']
      x-ms-request-id: [92515ff1-401e-0028-0654-1df393000000]
      x-ms-request-server-encrypted: ['true']
      x-ms-version: ['2018-03-28']
    status: {code: 201, message: Created}
- request:
    body: null
    headers:
      Connection: [keep-alive]
      User-Agent: [Azure-Storage/1.3.0-1.3.1 (Python CPython 3.6.4; Darwin 17.7.0)]
      x-ms-client-request-id: [f122acfa-8947-11e8-9b36-720000665300]
      x-ms-date: ['Mon, 16 Jul 2018 22:31:11 GMT']
      x-ms-range: [bytes=0-33554431]
      x-ms-version: ['2018-03-28']
    method: GET
    uri: https://storagename.blob.core.windows.net/utcontainerf23c0dc5/blobf23c0dc5
  response:
    body: {string: block 0block 1block 2block 3block 4}
    headers:
      Accept-Ranges: [bytes]
      Content-Length: ['35']
      Content-Range: [bytes 0-34/35]
      Content-Type: [application/octet-stream]
      Date: ['Mon, 16 Jul 2018 22:31:11 GMT']
      ETag: ['"0x8D5EB6BD54F7550"']
      Last-Modified: ['Mon, 16 Jul 2018 22:31:11 GMT']
      Server: [Windows-Azure-Blob/1.0 Microsoft-HTTPAPI/2.0]
      Vary: [Origin]
      x-ms-blob-committed-block-count: ['5']
      x-ms-blob-type: [AppendBlob]
      x-ms-creation-time: ['Mon, 16 Jul 2018 22:31:11 GMT']
      x-ms-lease-state: [available]
      x-ms-lease-status: [unlocked]
      x-ms-request-id: [92515ff2-401e-0028-0754-1df393000000]
      x-ms-server-encrypted: ['true']
      x-ms-version: ['2018-03-28']
    status: {code: 206, message: Partial Content}
version: 1
