interactions:
- request:
    body: !!binary |
      W4q9ODQBP/az0aLlVEO7VHy3aJUjWtvngPs383BnkrO7jrA7k/ZmH4Be09Umr8sds4wh9PGhVW0p
      FC6fC1zi9c//6bdF6DX5rEm53GF3NLvNaMAyy/Yud9u2+OA1jjJ6TFVRGFMAGvntafxqXI8mmoAB
      D0eITT7ZbVYuQJf54sSTB4KEj3FcHNoMHDX08Bkg
    headers:
      Connection: [keep-alive]
      Content-Length: ['144']
      User-Agent: [Azure-Storage/0.35.0 (Python CPython 3.6.1; Darwin 16.6.0)]
      x-ms-blob-type: [BlockBlob]
      x-ms-client-request-id: [f4039b76-67fa-11e7-95b3-b8e8564491f6]
      x-ms-date: ['Thu, 13 Jul 2017 18:41:59 GMT']
      x-ms-meta-encryptiondata: ['{"WrappedContentKey": {"KeyId": "key1", "EncryptedKey":
          "/ateNghkmgZlQhvfoIPcspbD/qzTwktNYv5ODVvwl87b8ci0NxpReA==", "Algorithm":
          "A256KW"}, "EncryptionAgent": {"Protocol": "1.0", "EncryptionAlgorithm":
          "AES_CBC_256"}, "ContentEncryptionIV": "a8TFKQAtOaCqToupFQSmjg==", "KeyWrappingMetadata":
          {"EncryptionLibrary": "Python 0.35.0"}, "EncryptionMode": "FullBlob"}']
      x-ms-version: ['2017-04-17']
    method: PUT
    uri: https://storagename.blob.core.windows.net/utcontainer4ff319bc/encryption_block_blob4ff319bc
  response:
    body: {string: ''}
    headers:
      Content-MD5: [89iXu1aLkdagW38KKULdCQ==]
      Date: ['Thu, 13 Jul 2017 18:41:58 GMT']
      ETag: ['"0x8D4CA1ED81B2E78"']
      Last-Modified: ['Thu, 13 Jul 2017 18:41:58 GMT']
      Server: [Windows-Azure-Blob/1.0 Microsoft-HTTPAPI/2.0]
      Transfer-Encoding: [chunked]
      x-ms-request-id: [720354fa-0001-00bf-4207-fc40a2000000]
      x-ms-request-server-encrypted: ['true']
      x-ms-version: ['2017-04-17']
    status: {code: 201, message: Created}
- request:
    body: null
    headers:
      Connection: [keep-alive]
      User-Agent: [Azure-Storage/0.35.0 (Python CPython 3.6.1; Darwin 16.6.0)]
      x-ms-client-request-id: [f41b2f86-67fa-11e7-9530-b8e8564491f6]
      x-ms-date: ['Thu, 13 Jul 2017 18:41:59 GMT']
      x-ms-range: [bytes=32-63]
      x-ms-version: ['2017-04-17']
    method: GET
    uri: https://storagename.blob.core.windows.net/utcontainer4ff319bc/encryption_block_blob4ff319bc
  response:
    body:
      string: !!binary |
        u46wO5P2Zh+AXtPVJq/LHbOMIfTxoVVtKRQunwtc4vU=
    headers:
      Accept-Ranges: [bytes]
      Content-Length: ['32']
      Content-Range: [bytes 32-63/144]
      Content-Type: [application/octet-stream]
      Date: ['Thu, 13 Jul 2017 18:41:58 GMT']
      ETag: ['"0x8D4CA1ED81B2E78"']
      Last-Modified: ['Thu, 13 Jul 2017 18:41:58 GMT']
      Server: [Windows-Azure-Blob/1.0 Microsoft-HTTPAPI/2.0]
      Vary: [Origin]
      x-ms-blob-content-md5: [89iXu1aLkdagW38KKULdCQ==]
      x-ms-blob-type: [BlockBlob]
      x-ms-lease-state: [available]
      x-ms-lease-status: [unlocked]
      x-ms-meta-encryptiondata: ['{"WrappedContentKey": {"KeyId": "key1", "EncryptedKey":
          "/ateNghkmgZlQhvfoIPcspbD/qzTwktNYv5ODVvwl87b8ci0NxpReA==", "Algorithm":
          "A256KW"}, "EncryptionAgent": {"Protocol": "1.0", "EncryptionAlgorithm":
          "AES_CBC_256"}, "ContentEncryptionIV": "a8TFKQAtOaCqToupFQSmjg==", "KeyWrappingMetadata":
          {"EncryptionLibrary": "Python 0.35.0"}, "EncryptionMode": "FullBlob"}']
      x-ms-request-id: [72035522-0001-00bf-6607-fc40a2000000]
      x-ms-server-encrypted: ['true']
      x-ms-version: ['2017-04-17']
    status: {code: 206, message: Partial Content}
version: 1
