interactions:
- request:
    body: !!binary |
      PD94bWwgdmVyc2lvbj0nMS4wJyBlbmNvZGluZz0ndXRmLTgnPz4KPEJsb2NrTGlzdCAvPg==
    headers:
      Connection: [keep-alive]
      Content-Length: ['52']
      User-Agent: [Azure-Storage/0.32.0 (Python CPython 3.4.3; Windows 8)]
      x-ms-client-request-id: [2b3e68be-116c-11e6-a568-8851fb5f57fc]
      x-ms-date: ['Tue, 03 May 2016 20:18:16 GMT']
      x-ms-version: ['2015-07-08']
    method: PUT
    uri: https://storagename.blob.core.windows.net/utcontainerbdb10c39/blobbdb10c39?comp=blocklist
  response:
    body: {string: ''}
    headers:
      Content-MD5: [NgbQHgw94OQ3P8fSkY5Pxg==]
      Date: ['Tue, 03 May 2016 20:18:15 GMT']
      ETag: ['"0x8D373900F821370"']
      Last-Modified: ['Tue, 03 May 2016 20:18:16 GMT']
      Server: [Windows-Azure-Blob/1.0 Microsoft-HTTPAPI/2.0]
      Transfer-Encoding: [chunked]
      x-ms-request-id: [4b5da815-0001-000c-3a78-a511fb000000]
      x-ms-version: ['2015-07-08']
    status: {code: 201, message: Created}
- request:
    body: !!binary |
      YmxvY2sgMA==
    headers:
      Connection: [keep-alive]
      Content-Length: ['7']
      User-Agent: [Azure-Storage/0.32.0 (Python CPython 3.4.3; Windows 8)]
      x-ms-client-request-id: [2b5d3b7e-116c-11e6-ac84-8851fb5f57fc]
      x-ms-date: ['Tue, 03 May 2016 20:18:16 GMT']
      x-ms-version: ['2015-07-08']
    method: PUT
    uri: https://storagename.blob.core.windows.net/utcontainerbdb10c39/blobbdb10c39?blockid=MA%3D%3D&comp=block
  response:
    body: {string: ''}
    headers:
      Content-MD5: [TjjhPkKeLS6Els52i6m9Bg==]
      Date: ['Tue, 03 May 2016 20:18:15 GMT']
      Server: [Windows-Azure-Blob/1.0 Microsoft-HTTPAPI/2.0]
      Transfer-Encoding: [chunked]
      x-ms-request-id: [4b5da83d-0001-000c-5878-a511fb000000]
      x-ms-version: ['2015-07-08']
    status: {code: 201, message: Created}
- request:
    body: !!binary |
      YmxvY2sgMQ==
    headers:
      Connection: [keep-alive]
      Content-Length: ['7']
      User-Agent: [Azure-Storage/0.32.0 (Python CPython 3.4.3; Windows 8)]
      x-ms-client-request-id: [2b6503ac-116c-11e6-9852-8851fb5f57fc]
      x-ms-date: ['Tue, 03 May 2016 20:18:16 GMT']
      x-ms-version: ['2015-07-08']
    method: PUT
    uri: https://storagename.blob.core.windows.net/utcontainerbdb10c39/blobbdb10c39?blockid=MQ%3D%3D&comp=block
  response:
    body: {string: ''}
    headers:
      Content-MD5: [ZOnmAD+J5F2p66g8NFSefA==]
      Date: ['Tue, 03 May 2016 20:18:15 GMT']
      Server: [Windows-Azure-Blob/1.0 Microsoft-HTTPAPI/2.0]
      Transfer-Encoding: [chunked]
      x-ms-request-id: [4b5da854-0001-000c-6778-a511fb000000]
      x-ms-version: ['2015-07-08']
    status: {code: 201, message: Created}
- request:
    body: !!binary |
      YmxvY2sgMg==
    headers:
      Connection: [keep-alive]
      Content-Length: ['7']
      User-Agent: [Azure-Storage/0.32.0 (Python CPython 3.4.3; Windows 8)]
      x-ms-client-request-id: [2b6a0cba-116c-11e6-b984-8851fb5f57fc]
      x-ms-date: ['Tue, 03 May 2016 20:18:16 GMT']
      x-ms-version: ['2015-07-08']
    method: PUT
    uri: https://storagename.blob.core.windows.net/utcontainerbdb10c39/blobbdb10c39?blockid=Mg%3D%3D&comp=block
  response:
    body: {string: ''}
    headers:
      Content-MD5: [giBgEwOK96+T6eqweyrlNg==]
      Date: ['Tue, 03 May 2016 20:18:15 GMT']
      Server: [Windows-Azure-Blob/1.0 Microsoft-HTTPAPI/2.0]
      Transfer-Encoding: [chunked]
      x-ms-request-id: [4b5da862-0001-000c-7478-a511fb000000]
      x-ms-version: ['2015-07-08']
    status: {code: 201, message: Created}
- request:
    body: !!binary |
      YmxvY2sgMw==
    headers:
      Connection: [keep-alive]
      Content-Length: ['7']
      User-Agent: [Azure-Storage/0.32.0 (Python CPython 3.4.3; Windows 8)]
      x-ms-client-request-id: [2b702748-116c-11e6-a326-8851fb5f57fc]
      x-ms-date: ['Tue, 03 May 2016 20:18:16 GMT']
      x-ms-version: ['2015-07-08']
    method: PUT
    uri: https://storagename.blob.core.windows.net/utcontainerbdb10c39/blobbdb10c39?blockid=Mw%3D%3D&comp=block
  response:
    body: {string: ''}
    headers:
      Content-MD5: [FDhv5/Vy34Z9KKvEnjH2lQ==]
      Date: ['Tue, 03 May 2016 20:18:15 GMT']
      Server: [Windows-Azure-Blob/1.0 Microsoft-HTTPAPI/2.0]
      Transfer-Encoding: [chunked]
      x-ms-request-id: [4b5da879-0001-000c-0778-a511fb000000]
      x-ms-version: ['2015-07-08']
    status: {code: 201, message: Created}
- request:
    body: !!binary |
      YmxvY2sgNA==
    headers:
      Connection: [keep-alive]
      Content-Length: ['7']
      User-Agent: [Azure-Storage/0.32.0 (Python CPython 3.4.3; Windows 8)]
      x-ms-client-request-id: [2b75576e-116c-11e6-9656-8851fb5f57fc]
      x-ms-date: ['Tue, 03 May 2016 20:18:16 GMT']
      x-ms-version: ['2015-07-08']
    method: PUT
    uri: https://storagename.blob.core.windows.net/utcontainerbdb10c39/blobbdb10c39?blockid=NA%3D%3D&comp=block
  response:
    body: {string: ''}
    headers:
      Content-MD5: [jkC3Z8KTocewrRQF+tkxeA==]
      Date: ['Tue, 03 May 2016 20:18:15 GMT']
      Server: [Windows-Azure-Blob/1.0 Microsoft-HTTPAPI/2.0]
      Transfer-Encoding: [chunked]
      x-ms-request-id: [4b5da88b-0001-000c-1778-a511fb000000]
      x-ms-version: ['2015-07-08']
    status: {code: 201, message: Created}
version: 1
