interactions:
- request:
    body: !!binary |
      +UN+zLsxnTqZ45xVp2/rIZrmdzCqT5+CaPwUxfa2GXYmS27NacjloQ/etQLmpbJzJYEIvovrUDr6
      qBDoy+9lFiXOdRYen5utjb9U1aKnYaYuDUZb33LYZI0sv70c3aUxpejEhAUSGYkursqGnnICFHDO
      0/VWCVFcCZ0VNVMNfz9AyJucKlSHAaiSSd9nU3bY
    headers:
      Connection: [keep-alive]
      Content-Length: ['144']
      User-Agent: [Azure-Storage/0.36.0 (Python CPython 2.7.10; Darwin 16.7.0)]
      x-ms-blob-type: [BlockBlob]
      x-ms-client-request-id: [4ae4fff5-8469-11e7-9184-b8e8564491f6]
      x-ms-date: ['Fri, 18 Aug 2017 23:02:22 GMT']
      x-ms-meta-encryptiondata: ['{"WrappedContentKey": {"KeyId": "key1", "EncryptedKey":
          "TVi83YbuSBH0IGta3SdbsuUYmV0uhDFk0jPbOYkHRy92jdKN0coWkQ==", "Algorithm":
          "A256KW"}, "EncryptionAgent": {"Protocol": "1.0", "EncryptionAlgorithm":
          "AES_CBC_256"}, "ContentEncryptionIV": "ZswQ7QYaF6vMQ+cR9u6y2A==", "KeyWrappingMetadata":
          {"EncryptionLibrary": "Python 0.36.0"}, "EncryptionMode": "FullBlob"}']
      x-ms-version: ['2017-04-17']
    method: PUT
    uri: https://storagename.blob.core.windows.net/utcontainer4ff319bc/encryption_block_blob4ff319bc
  response:
    body: {string: !!python/unicode ''}
    headers:
      content-md5: [Vx166e68hP+aLzdKVDDm1Q==]
      date: ['Fri, 18 Aug 2017 23:02:21 GMT']
      etag: ['"0x8D4E68D2F0441F2"']
      last-modified: ['Fri, 18 Aug 2017 23:02:21 GMT']
      server: [Windows-Azure-Blob/1.0 Microsoft-HTTPAPI/2.0]
      transfer-encoding: [chunked]
      x-ms-request-id: [57b316f1-0001-000e-1276-18b8df000000]
      x-ms-request-server-encrypted: ['true']
      x-ms-version: ['2017-04-17']
    status: {code: 201, message: Created}
- request:
    body: null
    headers:
      Connection: [keep-alive]
      User-Agent: [Azure-Storage/0.36.0 (Python CPython 2.7.10; Darwin 16.7.0)]
      x-ms-client-request-id: [4af7f291-8469-11e7-a057-b8e8564491f6]
      x-ms-date: ['Fri, 18 Aug 2017 23:02:22 GMT']
      x-ms-range: [bytes=32-63]
      x-ms-version: ['2017-04-17']
    method: GET
    uri: https://storagename.blob.core.windows.net/utcontainer4ff319bc/encryption_block_blob4ff319bc
  response:
    body:
      string: !!binary |
        JktuzWnI5aEP3rUC5qWycyWBCL6L61A6+qgQ6MvvZRY=
    headers:
      accept-ranges: [bytes]
      content-length: ['32']
      content-range: [bytes 32-63/144]
      content-type: [application/octet-stream]
      date: ['Fri, 18 Aug 2017 23:02:21 GMT']
      etag: ['"0x8D4E68D2F0441F2"']
      last-modified: ['Fri, 18 Aug 2017 23:02:21 GMT']
      server: [Windows-Azure-Blob/1.0 Microsoft-HTTPAPI/2.0]
      vary: [Origin]
      x-ms-blob-content-md5: [Vx166e68hP+aLzdKVDDm1Q==]
      x-ms-blob-type: [BlockBlob]
      x-ms-lease-state: [available]
      x-ms-lease-status: [unlocked]
      x-ms-meta-encryptiondata: ['{"WrappedContentKey": {"KeyId": "key1", "EncryptedKey":
          "TVi83YbuSBH0IGta3SdbsuUYmV0uhDFk0jPbOYkHRy92jdKN0coWkQ==", "Algorithm":
          "A256KW"}, "EncryptionAgent": {"Protocol": "1.0", "EncryptionAlgorithm":
          "AES_CBC_256"}, "ContentEncryptionIV": "ZswQ7QYaF6vMQ+cR9u6y2A==", "KeyWrappingMetadata":
          {"EncryptionLibrary": "Python 0.36.0"}, "EncryptionMode": "FullBlob"}']
      x-ms-request-id: [57b3170f-0001-000e-2e76-18b8df000000]
      x-ms-server-encrypted: ['true']
      x-ms-version: ['2017-04-17']
    status: {code: 206, message: Partial Content}
version: 1
