interactions:
- request:
    body: null
    headers:
      Connection: [keep-alive]
      User-Agent: [Azure-Storage/0.35.1 (Python CPython 3.6.1; Darwin 16.6.0)]
      x-ms-client-request-id: [8ef557c2-68f6-11e7-8d85-b8e8564491f6]
      x-ms-date: ['Sat, 15 Jul 2017 00:43:02 GMT']
      x-ms-version: ['2017-04-17']
    method: GET
    uri: https://storagename.blob.core.windows.net/?comp=list&prefix=lock
  response:
    body: {string: "\uFEFF<?xml version=\"1.0\" encoding=\"utf-8\"?><EnumerationResults\
        \ ServiceEndpoint=\"https://storagename.blob.core.windows.net/\"><Prefix>lock</Prefix><Containers\
        \ /><NextMarker /></EnumerationResults>"}
    headers:
      Content-Type: [application/xml]
      Date: ['Sat, 15 Jul 2017 00:43:03 GMT']
      Server: [Windows-Azure-Blob/1.0 Microsoft-HTTPAPI/2.0]
      Transfer-Encoding: [chunked]
      Vary: [Origin]
      x-ms-request-id: [e50ec727-0001-0045-3c03-fd8945000000]
      x-ms-version: ['2017-04-17']
    status: {code: 200, message: OK}
- request:
    body: null
    headers:
      Connection: [keep-alive]
      User-Agent: [Azure-Storage/0.35.1 (Python CPython 3.6.1; Darwin 16.6.0)]
      x-ms-client-request-id: [8ef557c2-68f6-11e7-8d85-b8e8564491f6]
      x-ms-date: ['Sat, 15 Jul 2017 00:43:05 GMT']
      x-ms-version: ['2017-04-17']
    method: GET
    uri: https://storagename-secondary.blob.core.windows.net/?comp=list&prefix=lock
  response:
    body: {string: "\uFEFF<?xml version=\"1.0\" encoding=\"utf-8\"?><EnumerationResults\
        \ ServiceEndpoint=\"https://storagename-secondary.blob.core.windows.net/\"\
        ><Prefix>lock</Prefix><Containers /><NextMarker /></EnumerationResults>"}
    headers:
      Content-Type: [application/xml]
      Date: ['Sat, 15 Jul 2017 00:43:06 GMT']
      Server: [Windows-Azure-Blob/1.0 Microsoft-HTTPAPI/2.0]
      Transfer-Encoding: [chunked]
      Vary: [Origin]
      x-ms-request-id: [c37b93e2-001e-00b4-6b03-fd7577000000]
      x-ms-version: ['2017-04-17']
    status: {code: 200, message: OK}
- request:
    body: null
    headers:
      Connection: [keep-alive]
      User-Agent: [Azure-Storage/0.35.1 (Python CPython 3.6.1; Darwin 16.6.0)]
      x-ms-client-request-id: [911e8c8a-68f6-11e7-9ce2-b8e8564491f6]
      x-ms-date: ['Sat, 15 Jul 2017 00:43:06 GMT']
      x-ms-version: ['2017-04-17']
    method: GET
    uri: https://storagename-secondary.blob.core.windows.net/?comp=list&prefix=lock
  response:
    body: {string: "\uFEFF<?xml version=\"1.0\" encoding=\"utf-8\"?><EnumerationResults\
        \ ServiceEndpoint=\"https://storagename-secondary.blob.core.windows.net/\"\
        ><Prefix>lock</Prefix><Containers /><NextMarker /></EnumerationResults>"}
    headers:
      Content-Type: [application/xml]
      Date: ['Sat, 15 Jul 2017 00:43:06 GMT']
      Server: [Windows-Azure-Blob/1.0 Microsoft-HTTPAPI/2.0]
      Transfer-Encoding: [chunked]
      Vary: [Origin]
      x-ms-request-id: [c37b93e5-001e-00b4-6d03-fd7577000000]
      x-ms-version: ['2017-04-17']
    status: {code: 200, message: OK}
version: 1
